
Microsoft Visual Studio Solution File, Format Version 12.00
# Visual Studio 2013
VisualStudioVersion = 12.0.31101.0
MinimumVisualStudioVersion = 10.0.40219.1
Project("{FAE04EC0-301F-11D3-BF4B-00C04F79EFBC}") = "Kontur.Courses.Testing", "Kontur.Courses.Testing\Kontur.Courses.Testing.csproj", "{02DDE0D7-AC43-4718-9396-1BA68EA42C63}"
EndProject
Project("{FAE04EC0-301F-11D3-BF4B-00C04F79EFBC}") = "Kontur.Courses.Testing.Patterns", "Kontur.Courses.Testing.Patterns\Kontur.Courses.Testing.Patterns.csproj", "{E7A56C48-8E36-465B-9F8E-67BC8525CFE5}"
EndProject
Project("{FAE04EC0-301F-11D3-BF4B-00C04F79EFBC}") = "Kontur.Courses.Testing.Tdd", "Kontur.Courses.Testing.Tdd\Kontur.Courses.Testing.Tdd.csproj", "{AD0F018A-732E-4074-8527-AB2EEC8D0BF3}"
EndProject
Project("{2150E333-8FDC-42A3-9474-1A3956D46DE8}") = ".nuget", ".nuget", "{34AAED9F-A157-44DF-ADA2-705781A1C4E4}"
	ProjectSection(SolutionItems) = preProject
		.nuget\packages.config = .nuget\packages.config
	EndProjectSection
EndProject
Global
	GlobalSection(SolutionConfigurationPlatforms) = preSolution
		Debug|Any CPU = Debug|Any CPU
		Release|Any CPU = Release|Any CPU
	EndGlobalSection
	GlobalSection(ProjectConfigurationPlatforms) = postSolution
		{02DDE0D7-AC43-4718-9396-1BA68EA42C63}.Debug|Any CPU.ActiveCfg = Debug|Any CPU
		{02DDE0D7-AC43-4718-9396-1BA68EA42C63}.Debug|Any CPU.Build.0 = Debug|Any CPU
		{02DDE0D7-AC43-4718-9396-1BA68EA42C63}.Release|Any CPU.ActiveCfg = Release|Any CPU
		{02DDE0D7-AC43-4718-9396-1BA68EA42C63}.Release|Any CPU.Build.0 = Release|Any CPU
		{E7A56C48-8E36-465B-9F8E-67BC8525CFE5}.Debug|Any CPU.ActiveCfg = Debug|Any CPU
		{E7A56C48-8E36-465B-9F8E-67BC8525CFE5}.Debug|Any CPU.Build.0 = Debug|Any CPU
		{E7A56C48-8E36-465B-9F8E-67BC8525CFE5}.Release|Any CPU.ActiveCfg = Release|Any CPU
		{E7A56C48-8E36-465B-9F8E-67BC8525CFE5}.Release|Any CPU.Build.0 = Release|Any CPU
		{AD0F018A-732E-4074-8527-AB2EEC8D0BF3}.Debug|Any CPU.ActiveCfg = Debug|Any CPU
		{AD0F018A-732E-4074-8527-AB2EEC8D0BF3}.Debug|Any CPU.Build.0 = Debug|Any CPU
		{AD0F018A-732E-4074-8527-AB2EEC8D0BF3}.Release|Any CPU.ActiveCfg = Release|Any CPU
		{AD0F018A-732E-4074-8527-AB2EEC8D0BF3}.Release|Any CPU.Build.0 = Release|Any CPU
	EndGlobalSection
	GlobalSection(SolutionProperties) = preSolution
		HideSolutionNode = FALSE
	EndGlobalSection
EndGlobal
